
Microsoft Visual Studio Solution File, Format Version 12.00
# Visual Studio Version 17
VisualStudioVersion = 17.6.33815.320
MinimumVisualStudioVersion = 10.0.40219.1
Project("{FAE04EC0-301F-11D3-BF4B-00C04F79EFBC}") = "Ecommerce", "Ecommerce\Ecommerce.csproj", "{98ADC298-3D9E-429C-A28B-C84EA8196FDE}"
EndProject
Global
	GlobalSection(SolutionConfigurationPlatforms) = preSolution
		Debug|Any CPU = Debug|Any CPU
		Release|Any CPU = Release|Any CPU
	EndGlobalSection
	GlobalSection(ProjectConfigurationPlatforms) = postSolution
		{98ADC298-3D9E-429C-A28B-C84EA8196FDE}.Debug|Any CPU.ActiveCfg = Debug|Any CPU
		{98ADC298-3D9E-429C-A28B-C84EA8196FDE}.Debug|Any CPU.Build.0 = Debug|Any CPU
		{98ADC298-3D9E-429C-A28B-C84EA8196FDE}.Release|Any CPU.ActiveCfg = Release|Any CPU
		{98ADC298-3D9E-429C-A28B-C84EA8196FDE}.Release|Any CPU.Build.0 = Release|Any CPU
	EndGlobalSection
	GlobalSection(SolutionProperties) = preSolution
		HideSolutionNode = FALSE
	EndGlobalSection
	GlobalSection(ExtensibilityGlobals) = postSolution
		SolutionGuid = {479AECB8-A10B-421A-88C0-A0CEAE0CAA7B}
	EndGlobalSection
EndGlobal
